
Microsoft Visual Studio Solution File, Format Version 12.00
# Visual Studio Version 18
VisualStudioVersion = 18.1.11312.151 d18.0
MinimumVisualStudioVersion = 10.0.40219.1
Project("{FAE04EC0-301F-11D3-BF4B-00C04F79EFBC}") = "desarrollo actual", "desarrollo actual.csproj", "{AEB614EF-99D2-3EEA-D436-6C803D82CBAF}"
EndProject
Global
	GlobalSection(SolutionConfigurationPlatforms) = preSolution
		Debug|Any CPU = Debug|Any CPU
		Release|Any CPU = Release|Any CPU
	EndGlobalSection
	GlobalSection(ProjectConfigurationPlatforms) = postSolution
		{AEB614EF-99D2-3EEA-D436-6C803D82CBAF}.Debug|Any CPU.ActiveCfg = Debug|Any CPU
		{AEB614EF-99D2-3EEA-D436-6C803D82CBAF}.Debug|Any CPU.Build.0 = Debug|Any CPU
		{AEB614EF-99D2-3EEA-D436-6C803D82CBAF}.Release|Any CPU.ActiveCfg = Release|Any CPU
		{AEB614EF-99D2-3EEA-D436-6C803D82CBAF}.Release|Any CPU.Build.0 = Release|Any CPU
	EndGlobalSection
	GlobalSection(SolutionProperties) = preSolution
		HideSolutionNode = FALSE
	EndGlobalSection
	GlobalSection(ExtensibilityGlobals) = postSolution
		SolutionGuid = {FFAF1FEB-24FA-4425-830A-06AFE02650F2}
	EndGlobalSection
EndGlobal
